
Microsoft Visual Studio Solution File, Format Version 12.00
# Visual Studio 15
VisualStudioVersion = 15.0.28010.2041
MinimumVisualStudioVersion = 10.0.40219.1
Project("{FAE04EC0-301F-11D3-BF4B-00C04F79EFBC}") = "Reverse", "Reverse.csproj", "{1CEEABD1-D222-421C-B04C-BC22D8543964}"
EndProject
Global
	GlobalSection(SolutionConfigurationPlatforms) = preSolution
		Debug|Any CPU = Debug|Any CPU
		Release|Any CPU = Release|Any CPU
	EndGlobalSection
	GlobalSection(ProjectConfigurationPlatforms) = postSolution
		{1CEEABD1-D222-421C-B04C-BC22D8543964}.Debug|Any CPU.ActiveCfg = Debug|Any CPU
		{1CEEABD1-D222-421C-B04C-BC22D8543964}.Debug|Any CPU.Build.0 = Debug|Any CPU
		{1CEEABD1-D222-421C-B04C-BC22D8543964}.Release|Any CPU.ActiveCfg = Release|Any CPU
		{1CEEABD1-D222-421C-B04C-BC22D8543964}.Release|Any CPU.Build.0 = Release|Any CPU
	EndGlobalSection
	GlobalSection(SolutionProperties) = preSolution
		HideSolutionNode = FALSE
	EndGlobalSection
	GlobalSection(ExtensibilityGlobals) = postSolution
		SolutionGuid = {C07B8F0D-172A-4DC8-9AD2-59A2E58C7B12}
	EndGlobalSection
EndGlobal
